{
    "_readme": [
        "This file locks the dependencies of your project to a known state",
        "Read more about it at http://getcomposer.org/doc/01-basic-usage.md#composer-lock-the-lock-file",
        "This file is @generated automatically"
    ],
    "hash": "4b21e00fdfe86c98c84382efd79f11b6",
    "packages": [
        {
            "name": "jeffstieler/rest-api-console2",
            "version": "dev-master",
            "source": {
                "type": "git",
                "url": "git@github.com:jeffstieler/rest-api-console2.git",
                "reference": "master"
            },
            "type": "library",
            "time": "2015-05-01 00:48:11"
        }
    ],
    "packages-dev": [],
    "aliases": [],
    "minimum-stability": "stable",
    "stability-flags": {
        "jeffstieler/rest-api-console2": 20
    },
    "prefer-stable": false,
    "prefer-lowest": false,
    "platform": [],
    "platform-dev": []
}
